
Microsoft Visual Studio Solution File, Format Version 12.00
# Visual Studio Version 16
VisualStudioVersion = 16.0.30011.22
MinimumVisualStudioVersion = 10.0.40219.1
Project("{FAE04EC0-301F-11D3-BF4B-00C04F79EFBC}") = "OrderForm", "OrderForm.csproj", "{259F2D63-6559-48AF-A518-0C4A98E013FC}"
	ProjectSection(ProjectDependencies) = postProject
		{FD1FF5B3-8972-4F6A-819B-8468D0356277} = {FD1FF5B3-8972-4F6A-819B-8468D0356277}
	EndProjectSection
EndProject
Project("{FAE04EC0-301F-11D3-BF4B-00C04F79EFBC}") = "NewOrderApp", "..\NewOrderApp\NewOrderApp.csproj", "{FD1FF5B3-8972-4F6A-819B-8468D0356277}"
EndProject
Global
	GlobalSection(SolutionConfigurationPlatforms) = preSolution
		Debug|Any CPU = Debug|Any CPU
		Release|Any CPU = Release|Any CPU
	EndGlobalSection
	GlobalSection(ProjectConfigurationPlatforms) = postSolution
		{259F2D63-6559-48AF-A518-0C4A98E013FC}.Debug|Any CPU.ActiveCfg = Debug|Any CPU
		{259F2D63-6559-48AF-A518-0C4A98E013FC}.Debug|Any CPU.Build.0 = Debug|Any CPU
		{259F2D63-6559-48AF-A518-0C4A98E013FC}.Release|Any CPU.ActiveCfg = Release|Any CPU
		{259F2D63-6559-48AF-A518-0C4A98E013FC}.Release|Any CPU.Build.0 = Release|Any CPU
		{FD1FF5B3-8972-4F6A-819B-8468D0356277}.Debug|Any CPU.ActiveCfg = Debug|Any CPU
		{FD1FF5B3-8972-4F6A-819B-8468D0356277}.Debug|Any CPU.Build.0 = Debug|Any CPU
		{FD1FF5B3-8972-4F6A-819B-8468D0356277}.Release|Any CPU.ActiveCfg = Release|Any CPU
		{FD1FF5B3-8972-4F6A-819B-8468D0356277}.Release|Any CPU.Build.0 = Release|Any CPU
	EndGlobalSection
	GlobalSection(SolutionProperties) = preSolution
		HideSolutionNode = FALSE
	EndGlobalSection
	GlobalSection(ExtensibilityGlobals) = postSolution
		SolutionGuid = {E3E5091F-EB5E-4ECB-A4E4-6785C194D182}
	EndGlobalSection
EndGlobal
