
Microsoft Visual Studio Solution File, Format Version 12.00
# Visual Studio Version 16
VisualStudioVersion = 16.0.30114.105
MinimumVisualStudioVersion = 10.0.40219.1
Project("{FAE04EC0-301F-11D3-BF4B-00C04F79EFBC}") = "OrderAppWebAPI", "OrderAppWebAPI.csproj", "{F17DA588-A8A4-470B-9197-4F11A264103F}"
EndProject
Global
	GlobalSection(SolutionConfigurationPlatforms) = preSolution
		Debug|Any CPU = Debug|Any CPU
		Release|Any CPU = Release|Any CPU
	EndGlobalSection
	GlobalSection(ProjectConfigurationPlatforms) = postSolution
		{F17DA588-A8A4-470B-9197-4F11A264103F}.Debug|Any CPU.ActiveCfg = Debug|Any CPU
		{F17DA588-A8A4-470B-9197-4F11A264103F}.Debug|Any CPU.Build.0 = Debug|Any CPU
		{F17DA588-A8A4-470B-9197-4F11A264103F}.Release|Any CPU.ActiveCfg = Release|Any CPU
		{F17DA588-A8A4-470B-9197-4F11A264103F}.Release|Any CPU.Build.0 = Release|Any CPU
	EndGlobalSection
	GlobalSection(SolutionProperties) = preSolution
		HideSolutionNode = FALSE
	EndGlobalSection
	GlobalSection(ExtensibilityGlobals) = postSolution
		SolutionGuid = {E66C8105-70FF-40F0-87C8-F9DD0D9698BB}
	EndGlobalSection
EndGlobal
